Microsoft Visual Studio Solution File, Format Version 12.00
# Visual Studio Version 17
VisualStudioVersion = 17.5.2.0
MinimumVisualStudioVersion = 10.0.40219.1
Project("{FAE04EC0-301F-11D3-BF4B-00C04F79EFBC}") = "Practico4semana16", "Practico4semana16.csproj", "{632D96B7-55BC-067B-FF10-F67E4E16904F}"
EndProject
Global
	GlobalSection(SolutionConfigurationPlatforms) = preSolution
		Debug|Any CPU = Debug|Any CPU
		Release|Any CPU = Release|Any CPU
	EndGlobalSection
	GlobalSection(ProjectConfigurationPlatforms) = postSolution
		{632D96B7-55BC-067B-FF10-F67E4E16904F}.Debug|Any CPU.ActiveCfg = Debug|Any CPU
		{632D96B7-55BC-067B-FF10-F67E4E16904F}.Debug|Any CPU.Build.0 = Debug|Any CPU
		{632D96B7-55BC-067B-FF10-F67E4E16904F}.Release|Any CPU.ActiveCfg = Release|Any CPU
		{632D96B7-55BC-067B-FF10-F67E4E16904F}.Release|Any CPU.Build.0 = Release|Any CPU
	EndGlobalSection
	GlobalSection(SolutionProperties) = preSolution
		HideSolutionNode = FALSE
	EndGlobalSection
	GlobalSection(ExtensibilityGlobals) = postSolution
		SolutionGuid = {70BD0DDA-5BDC-40AA-8C33-9A79F552B0F7}
	EndGlobalSection
EndGlobal
